{
  "name": "@authing/react18-ui-components",
  "version": "4.4.0-alpha.58",
  "lockfileVersion": 2,
  "requires": true,
  "packages": {
    "": {
      "name": "@authing/react18-ui-components",
      "version": "4.4.0-alpha.57",
      "license": "MIT",
      "dependencies": {
        "@authing/guard-shim-react18": "^4.4.0-alpha.57"
      }
    },
    "node_modules/@authing/guard-shim-react18": {
      "version": "4.4.0-alpha.57",
      "resolved": "https://registry.npmjs.org/@authing/guard-shim-react18/-/guard-shim-react18-4.4.0-alpha.57.tgz",
      "integrity": "sha512-7Q+z3cefDJzmfZg5GzslCeU8czxy3y8P2+mLvkb4Qs3ErWKE6IclScsrA7K5rrrgFl5OF9Se+lO0QunIwv5dpQ=="
    }
  },
  "dependencies": {
    "@authing/guard-shim-react18": {
      "version": "4.4.0-alpha.57",
      "resolved": "https://registry.npmjs.org/@authing/guard-shim-react18/-/guard-shim-react18-4.4.0-alpha.57.tgz",
      "integrity": "sha512-7Q+z3cefDJzmfZg5GzslCeU8czxy3y8P2+mLvkb4Qs3ErWKE6IclScsrA7K5rrrgFl5OF9Se+lO0QunIwv5dpQ=="
    }
  }
}
