{
  "name": "@authing/react18-ui-components",
  "version": "4.4.0-alpha.61",
  "lockfileVersion": 2,
  "requires": true,
  "packages": {
    "": {
      "name": "@authing/react18-ui-components",
      "version": "4.4.0-alpha.60",
      "license": "MIT",
      "dependencies": {
        "@authing/guard-shim-react18": "^4.4.0-alpha.60"
      }
    },
    "node_modules/@authing/guard-shim-react18": {
      "version": "4.4.0-alpha.60",
      "resolved": "https://registry.npmjs.org/@authing/guard-shim-react18/-/guard-shim-react18-4.4.0-alpha.60.tgz",
      "integrity": "sha512-E+SOPCYj9OjKNXO2Nr8rdb4Hq0wgV2/Tipr/qtJpejBItLysy0xUyLJ2wlhze5dpJ1iR3XdPFODyPlbmHptJow=="
    }
  },
  "dependencies": {
    "@authing/guard-shim-react18": {
      "version": "4.4.0-alpha.60",
      "resolved": "https://registry.npmjs.org/@authing/guard-shim-react18/-/guard-shim-react18-4.4.0-alpha.60.tgz",
      "integrity": "sha512-E+SOPCYj9OjKNXO2Nr8rdb4Hq0wgV2/Tipr/qtJpejBItLysy0xUyLJ2wlhze5dpJ1iR3XdPFODyPlbmHptJow=="
    }
  }
}
