{
  "name": "@authing/react18-ui-components",
  "version": "4.4.0-alpha.58",
  "lockfileVersion": 2,
  "requires": true,
  "packages": {
    "": {
      "name": "@authing/react18-ui-components",
      "version": "4.4.0-alpha.58",
      "license": "MIT",
      "dependencies": {
        "@authing/guard-shim-react18": "^4.4.0-alpha.58"
      }
    },
    "node_modules/@authing/guard-shim-react18": {
      "version": "4.4.0-alpha.58",
      "resolved": "https://registry.npmjs.org/@authing/guard-shim-react18/-/guard-shim-react18-4.4.0-alpha.58.tgz",
      "integrity": "sha512-7vElfkomVQ8EHR70ccpz4T8MAsIrBKapEkOoGvQi9DXxdfj8BwDeS9MFjHtG8IJ7VqJ1ndxhBGV7N1ZItmWkpw=="
    }
  },
  "dependencies": {
    "@authing/guard-shim-react18": {
      "version": "4.4.0-alpha.58",
      "resolved": "https://registry.npmjs.org/@authing/guard-shim-react18/-/guard-shim-react18-4.4.0-alpha.58.tgz",
      "integrity": "sha512-7vElfkomVQ8EHR70ccpz4T8MAsIrBKapEkOoGvQi9DXxdfj8BwDeS9MFjHtG8IJ7VqJ1ndxhBGV7N1ZItmWkpw=="
    }
  }
}
