{
  "name": "guard-nextjs-react18",
  "version": "0.1.0",
  "lockfileVersion": 1,
  "requires": true,
  "dependencies": {
    "@authing/guard-react18": {
      "version": "5.3.1-alpha.0",
      "resolved": "https://registry.npmjs.org/@authing/guard-react18/-/guard-react18-5.3.1-alpha.0.tgz",
      "integrity": "sha512-Y2q+m9PN5HzoRRM1L0NcwVTiY9t/gxcoumHveJ5fK9bjlZ8stX58TPYAQZQXPawB6KKwga8UdBFbX8L8qePp4Q==",
      "requires": {
        "@authing/guard-shim-react18": "^5.3.1-alpha.0",
        "react": "^18.0.0"
      }
    },
    "@authing/guard-shim-react18": {
      "version": "5.3.1-alpha.0",
      "resolved": "https://registry.npmjs.org/@authing/guard-shim-react18/-/guard-shim-react18-5.3.1-alpha.0.tgz",
      "integrity": "sha512-/kRDMmJQzsi0RlrQ2gFoldDT/hb0FnnoRbZnsaMrvRNxnYUWULZYf6OBgfSxCtOTBljuybqPo2qVAxdhbnom8Q==",
      "requires": {
        "@authing/react18-ui-components": "^4.5.0-alpha.3",
        "react": "^18.0.0",
        "react-dom": "^18.0.0"
      }
    },
    "@authing/react18-ui-components": {
      "version": "4.5.0-alpha.3",
      "resolved": "https://registry.npmjs.org/@authing/react18-ui-components/-/react18-ui-components-4.5.0-alpha.3.tgz",
      "integrity": "sha512-O9FA+BHSZeycpik39LZiSPh1KT2vGRNPrlHooKqxyK3jK0uJPu3THIW2kVxvnq89K1fPNFNNdGr/lXbuu7zdVg==",
      "requires": {
        "@authing/guard-shim-react18": "^4.5.0-alpha.3"
      },
      "dependencies": {
        "@authing/guard-shim-react18": {
          "version": "4.5.0-alpha.3",
          "resolved": "https://registry.npmjs.org/@authing/guard-shim-react18/-/guard-shim-react18-4.5.0-alpha.3.tgz",
          "integrity": "sha512-N5Pq5lDoaRh+ParvnC/z1Ahxz7njtWkO26JFOe3LTNHkFsCCgkvBR3sF4pyxzLIoeqGdYCl/ps+IVtXaEVVnVA=="
        }
      }
    },
    "@next/env": {
      "version": "13.1.0",
      "resolved": "https://registry.npmjs.org/@next/env/-/env-13.1.0.tgz",
      "integrity": "sha512-6iNixFzCndH+Bl4FetQzOMjxCJqg8fs0LAlZviig1K6mIjOWH2m2oPcHcOg1Ta5VCe7Bx5KG1Hs+NrWDUkBt9A=="
    },
    "@next/swc-android-arm-eabi": {
      "version": "13.1.0",
      "resolved": "https://registry.npmjs.org/@next/swc-android-arm-eabi/-/swc-android-arm-eabi-13.1.0.tgz",
      "integrity": "sha512-ANBZZRjZBV+Sii11ZVxbxSvfIi6dZwu4w+XnJBDmz+0/wtAigpjYWyMkuWZ/RCD7INdusOlU4EgJ99WzWGIDjA==",
      "optional": true
    },
    "@next/swc-android-arm64": {
      "version": "13.1.0",
      "resolved": "https://registry.npmjs.org/@next/swc-android-arm64/-/swc-android-arm64-13.1.0.tgz",
      "integrity": "sha512-nPwbkS3aZjCIe61wztgjXjIeylijOP8uGtDGjjJVUF3B/5GLVx3ngZu6tjPTMEgaLM0u//HuGK+aZolWUQWE4g==",
      "optional": true
    },
    "@next/swc-darwin-arm64": {
      "version": "13.1.0",
      "resolved": "https://registry.npmjs.org/@next/swc-darwin-arm64/-/swc-darwin-arm64-13.1.0.tgz",
      "integrity": "sha512-0hUydiAW18jK2uGPnZRdnRQtdB/3ZoPo84A6zH7MJHxAWw9lzVsv3kMg9kgVBBlrivzqdNN8rdgA+eYNxzXU9w==",
      "optional": true
    },
    "@next/swc-darwin-x64": {
      "version": "13.1.0",
      "resolved": "https://registry.npmjs.org/@next/swc-darwin-x64/-/swc-darwin-x64-13.1.0.tgz",
      "integrity": "sha512-3S3iQqJIysklj0Q9gnanuYMzF8H9p+fUVhvSHxVVLcKH4HsE8EGddNkXsaOyznL1kC6vGKw7h6uz1ojaXEafCA==",
      "optional": true
    },
    "@next/swc-freebsd-x64": {
      "version": "13.1.0",
      "resolved": "https://registry.npmjs.org/@next/swc-freebsd-x64/-/swc-freebsd-x64-13.1.0.tgz",
      "integrity": "sha512-wAgzwm/em48GIuWq3OYr0BpncMy7c+UA3hsyX+xKh/vb/sOIpQly7JTa+GNdk17s7kprhMfsgzPG3da36NLpkA==",
      "optional": true
    },
    "@next/swc-linux-arm-gnueabihf": {
      "version": "13.1.0",
      "resolved": "https://registry.npmjs.org/@next/swc-linux-arm-gnueabihf/-/swc-linux-arm-gnueabihf-13.1.0.tgz",
      "integrity": "sha512-Cr2hzL7ad+4nj9KrR1Cz1RDcsWa61X6I7gc6PToRYIY4gL480Sijq19xo7dlXQPnr1viVzbNiNnNXZASHv7uvw==",
      "optional": true
    },
    "@next/swc-linux-arm64-gnu": {
      "version": "13.1.0",
      "resolved": "https://registry.npmjs.org/@next/swc-linux-arm64-gnu/-/swc-linux-arm64-gnu-13.1.0.tgz",
      "integrity": "sha512-EjCIKfeZB9h72evL2yGNwBvE5Im96Zn7o2zxImlvCiUYb/xXDqn4hzhck035BSP3g3sGDLfijFTE1wKRyXIk4w==",
      "optional": true
    },
    "@next/swc-linux-arm64-musl": {
      "version": "13.1.0",
      "resolved": "https://registry.npmjs.org/@next/swc-linux-arm64-musl/-/swc-linux-arm64-musl-13.1.0.tgz",
      "integrity": "sha512-WAsZtCtPXlz/7/bnW9ryw856xEun+c6xSwZwbcvrMxtcSiW3z0LD91Nsj3AkexsjRtBjeEpNeVtDExqF2VKKSA==",
      "optional": true
    },
    "@next/swc-linux-x64-gnu": {
      "version": "13.1.0",
      "resolved": "https://registry.npmjs.org/@next/swc-linux-x64-gnu/-/swc-linux-x64-gnu-13.1.0.tgz",
      "integrity": "sha512-Tjd5gieI3X9vPce5yF+GsQxOl0jwUkyOrTR1g5PQr+bT/9Qos/yPL48H1L5ayEp0hxgLVPW7skGal7lVnAoVEQ==",
      "optional": true
    },
    "@next/swc-linux-x64-musl": {
      "version": "13.1.0",
      "resolved": "https://registry.npmjs.org/@next/swc-linux-x64-musl/-/swc-linux-x64-musl-13.1.0.tgz",
      "integrity": "sha512-H9UMEQv40e9pkgdX4mCms0dDf2dimmZ6WXhDTWF/yIh9icgcsHaP73BJ9IFlgvh80wLiUgWZ3LAX4vXnXzidmg==",
      "optional": true
    },
    "@next/swc-win32-arm64-msvc": {
      "version": "13.1.0",
      "resolved": "https://registry.npmjs.org/@next/swc-win32-arm64-msvc/-/swc-win32-arm64-msvc-13.1.0.tgz",
      "integrity": "sha512-LFFIKjW/cPl4wvG8HF/6oYPJZ+Jy32G3FUflC8UW1Od6W9yOSEvadhk9fMyDZN4cgsNOcVc3uVSMpcuuCpbDGw==",
      "optional": true
    },
    "@next/swc-win32-ia32-msvc": {
      "version": "13.1.0",
      "resolved": "https://registry.npmjs.org/@next/swc-win32-ia32-msvc/-/swc-win32-ia32-msvc-13.1.0.tgz",
      "integrity": "sha512-MBLaoHZSenMdxhB3Ww1VNEhjyPT3uLjzAi5Ygk48LLLbOGu5KxQolhINRrqGuJWqJRNWSJ9JSFBfJrZwQzrUew==",
      "optional": true
    },
    "@next/swc-win32-x64-msvc": {
      "version": "13.1.0",
      "resolved": "https://registry.npmjs.org/@next/swc-win32-x64-msvc/-/swc-win32-x64-msvc-13.1.0.tgz",
      "integrity": "sha512-fFTfIQvnmpbKoyh4v3ezlGqtERlgc2Sx8qJwPuYqoVi0V08wCx9wp2Iq1CINxP3UMHkEeNX7gYpDOd+9Cw9EiQ==",
      "optional": true
    },
    "@swc/helpers": {
      "version": "0.4.14",
      "resolved": "https://registry.npmjs.org/@swc/helpers/-/helpers-0.4.14.tgz",
      "integrity": "sha512-4C7nX/dvpzB7za4Ql9K81xK3HPxCpHMgwTZVyf+9JQ6VUbn9jjZVN7/Nkdz/Ugzs2CSjqnL/UPXroiVBVHUWUw==",
      "requires": {
        "tslib": "^2.4.0"
      }
    },
    "@types/node": {
      "version": "18.11.9",
      "resolved": "https://registry.npmjs.org/@types/node/-/node-18.11.9.tgz",
      "integrity": "sha512-CRpX21/kGdzjOpFsZSkcrXMGIBWMGNIHXXBVFSH+ggkftxg+XYP20TESbh+zFvFj3EQOl5byk0HTRn1IL6hbqg=="
    },
    "@types/prop-types": {
      "version": "15.7.5",
      "resolved": "https://registry.npmjs.org/@types/prop-types/-/prop-types-15.7.5.tgz",
      "integrity": "sha512-JCB8C6SnDoQf0cNycqd/35A7MjcnK+ZTqE7judS6o7utxUCg6imJg3QK2qzHKszlTjcj2cn+NwMB2i96ubpj7w=="
    },
    "@types/react": {
      "version": "18.0.24",
      "resolved": "https://registry.npmjs.org/@types/react/-/react-18.0.24.tgz",
      "integrity": "sha512-wRJWT6ouziGUy+9uX0aW4YOJxAY0bG6/AOk5AW5QSvZqI7dk6VBIbXvcVgIw/W5Jrl24f77df98GEKTJGOLx7Q==",
      "requires": {
        "@types/prop-types": "*",
        "@types/scheduler": "*",
        "csstype": "^3.0.2"
      }
    },
    "@types/react-dom": {
      "version": "18.0.8",
      "resolved": "https://registry.npmjs.org/@types/react-dom/-/react-dom-18.0.8.tgz",
      "integrity": "sha512-C3GYO0HLaOkk9dDAz3Dl4sbe4AKUGTCfFIZsz3n/82dPNN8Du533HzKatDxeUYWu24wJgMP1xICqkWk1YOLOIw==",
      "requires": {
        "@types/react": "*"
      }
    },
    "@types/scheduler": {
      "version": "0.16.2",
      "resolved": "https://registry.npmjs.org/@types/scheduler/-/scheduler-0.16.2.tgz",
      "integrity": "sha512-hppQEBDmlwhFAXKJX2KnWLYu5yMfi91yazPb2l+lbJiwW+wdo1gNeRA+3RgNSO39WYX2euey41KEwnqesU2Jew=="
    },
    "caniuse-lite": {
      "version": "1.0.30001676",
      "resolved": "https://registry.npmjs.org/caniuse-lite/-/caniuse-lite-1.0.30001676.tgz",
      "integrity": "sha512-Qz6zwGCiPghQXGJvgQAem79esjitvJ+CxSbSQkW9H/UX5hg8XM88d4lp2W+MEQ81j+Hip58Il+jGVdazk1z9cw=="
    },
    "client-only": {
      "version": "0.0.1",
      "resolved": "https://registry.npmjs.org/client-only/-/client-only-0.0.1.tgz",
      "integrity": "sha512-IV3Ou0jSMzZrd3pZ48nLkT9DA7Ag1pnPzaiQhpW7c3RbcqqzvzzVu+L8gfqMp/8IM2MQtSiqaCxrrcfu8I8rMA=="
    },
    "csstype": {
      "version": "3.1.1",
      "resolved": "https://registry.npmjs.org/csstype/-/csstype-3.1.1.tgz",
      "integrity": "sha512-DJR/VvkAvSZW9bTouZue2sSxDwdTN92uHjqeKVm+0dAqdfNykRzQ95tay8aXMBAAPpUiq4Qcug2L7neoRh2Egw=="
    },
    "js-tokens": {
      "version": "4.0.0",
      "resolved": "https://registry.npmjs.org/js-tokens/-/js-tokens-4.0.0.tgz",
      "integrity": "sha512-RdJUflcE3cUzKiMqQgsCu06FPu9UdIJO0beYbPhHN4k6apgJtifcoCtT9bcxOpYBtpD2kCM6Sbzg4CausW/PKQ=="
    },
    "loose-envify": {
      "version": "1.4.0",
      "resolved": "https://registry.npmjs.org/loose-envify/-/loose-envify-1.4.0.tgz",
      "integrity": "sha512-lyuxPGr/Wfhrlem2CL/UcnUc1zcqKAImBDzukY7Y5F/yQiNdko6+fRLevlw1HgMySw7f611UIY408EtxRSoK3Q==",
      "requires": {
        "js-tokens": "^3.0.0 || ^4.0.0"
      }
    },
    "nanoid": {
      "version": "3.3.7",
      "resolved": "https://registry.npmjs.org/nanoid/-/nanoid-3.3.7.tgz",
      "integrity": "sha512-eSRppjcPIatRIMC1U6UngP8XFcz8MQWGQdt1MTBQ7NaAmvXDfvNxbvWV3x2y6CdEUciCSsDHDQZbhYaB8QEo2g=="
    },
    "next": {
      "version": "13.1.0",
      "resolved": "https://registry.npmjs.org/next/-/next-13.1.0.tgz",
      "integrity": "sha512-lQMZH1V94L5IL/WaihQkTYabSY73aqgrkGPJB5uz+2O3ES4I3losV/maXLY7l7x5e+oNyE9N81upNQ8uRsR5/A==",
      "requires": {
        "@next/env": "13.1.0",
        "@next/swc-android-arm-eabi": "13.1.0",
        "@next/swc-android-arm64": "13.1.0",
        "@next/swc-darwin-arm64": "13.1.0",
        "@next/swc-darwin-x64": "13.1.0",
        "@next/swc-freebsd-x64": "13.1.0",
        "@next/swc-linux-arm-gnueabihf": "13.1.0",
        "@next/swc-linux-arm64-gnu": "13.1.0",
        "@next/swc-linux-arm64-musl": "13.1.0",
        "@next/swc-linux-x64-gnu": "13.1.0",
        "@next/swc-linux-x64-musl": "13.1.0",
        "@next/swc-win32-arm64-msvc": "13.1.0",
        "@next/swc-win32-ia32-msvc": "13.1.0",
        "@next/swc-win32-x64-msvc": "13.1.0",
        "@swc/helpers": "0.4.14",
        "caniuse-lite": "^1.0.30001406",
        "postcss": "8.4.14",
        "styled-jsx": "5.1.1"
      }
    },
    "picocolors": {
      "version": "1.1.1",
      "resolved": "https://registry.npmjs.org/picocolors/-/picocolors-1.1.1.tgz",
      "integrity": "sha512-xceH2snhtb5M9liqDsmEw56le376mTZkEX/jEb/RxNFyegNul7eNslCXP9FDj/Lcu0X8KEyMceP2ntpaHrDEVA=="
    },
    "postcss": {
      "version": "8.4.14",
      "resolved": "https://registry.npmjs.org/postcss/-/postcss-8.4.14.tgz",
      "integrity": "sha512-E398TUmfAYFPBSdzgeieK2Y1+1cpdxJx8yXbK/m57nRhKSmk1GB2tO4lbLBtlkfPQTDKfe4Xqv1ASWPpayPEig==",
      "requires": {
        "nanoid": "^3.3.4",
        "picocolors": "^1.0.0",
        "source-map-js": "^1.0.2"
      }
    },
    "react": {
      "version": "18.2.0",
      "resolved": "https://registry.npmjs.org/react/-/react-18.2.0.tgz",
      "integrity": "sha512-/3IjMdb2L9QbBdWiW5e3P2/npwMBaU9mHCSCUzNln0ZCYbcfTsGbTJrU/kGemdH2IWmB2ioZ+zkxtmq6g09fGQ==",
      "requires": {
        "loose-envify": "^1.1.0"
      }
    },
    "react-dom": {
      "version": "18.2.0",
      "resolved": "https://registry.npmjs.org/react-dom/-/react-dom-18.2.0.tgz",
      "integrity": "sha512-6IMTriUmvsjHUjNtEDudZfuDQUoWXVxKHhlEGSk81n4YFS+r/Kl99wXiwlVXtPBtJenozv2P+hxDsw9eA7Xo6g==",
      "requires": {
        "loose-envify": "^1.1.0",
        "scheduler": "^0.23.0"
      }
    },
    "scheduler": {
      "version": "0.23.0",
      "resolved": "https://registry.npmjs.org/scheduler/-/scheduler-0.23.0.tgz",
      "integrity": "sha512-CtuThmgHNg7zIZWAXi3AsyIzA3n4xx7aNyjwC2VJldO2LMVDhFK+63xGqq6CsJH4rTAt6/M+N4GhZiDYPx9eUw==",
      "requires": {
        "loose-envify": "^1.1.0"
      }
    },
    "source-map-js": {
      "version": "1.2.1",
      "resolved": "https://registry.npmjs.org/source-map-js/-/source-map-js-1.2.1.tgz",
      "integrity": "sha512-UXWMKhLOwVKb728IUtQPXxfYU+usdybtUrK/8uGE8CQMvrhOpwvzDBwj0QhSL7MQc7vIsISBG8VQ8+IDQxpfQA=="
    },
    "styled-jsx": {
      "version": "5.1.1",
      "resolved": "https://registry.npmjs.org/styled-jsx/-/styled-jsx-5.1.1.tgz",
      "integrity": "sha512-pW7uC1l4mBZ8ugbiZrcIsiIvVx1UmTfw7UkC3Um2tmfUq9Bhk8IiyEIPl6F8agHgjzku6j0xQEZbfA5uSgSaCw==",
      "requires": {
        "client-only": "0.0.1"
      }
    },
    "tslib": {
      "version": "2.8.1",
      "resolved": "https://registry.npmjs.org/tslib/-/tslib-2.8.1.tgz",
      "integrity": "sha512-oJFu94HQb+KVduSUQL7wnpmqnfmLsOA/nAh6b6EH0wCEoK0/mPeXU6c3wKDV83MkOuHPRHtSXKKU99IBazS/2w=="
    },
    "typescript": {
      "version": "4.8.4",
      "resolved": "https://registry.npmjs.org/typescript/-/typescript-4.8.4.tgz",
      "integrity": "sha512-QCh+85mCy+h0IGff8r5XWzOVSbBO+KfeYrMQh7NJ58QujwcE22u+NUSmUxqF+un70P9GXKxa2HCNiTTMJknyjQ=="
    }
  }
}
