{
  "name": "@authing/guard",
  "version": "6.0.0-alpha.17",
  "lockfileVersion": 2,
  "requires": true,
  "packages": {
    "": {
      "name": "@authing/guard",
      "version": "6.0.0-alpha.0",
      "license": "MIT",
      "dependencies": {
        "@authing/guard-shim-react": "^6.0.0-alpha.0"
      }
    },
    "../guard-shim-react": {
      "name": "@authing/guard-shim-react",
      "version": "6.0.0-alpha.0",
      "license": "MIT"
    },
    "node_modules/@authing/guard-shim-react": {
      "resolved": "../guard-shim-react",
      "link": true
    }
  },
  "dependencies": {
    "@authing/guard-shim-react": {
      "version": "file:../guard-shim-react"
    }
  }
}
