{
  "name": "@authing/react-ui-components",
  "version": "4.5.25-alpha.tmp.0",
  "lockfileVersion": 1,
  "requires": true,
  "dependencies": {
    "@authing/guard-shim-react": {
      "version": "4.5.24",
      "resolved": "https://registry.npmjs.org/@authing/guard-shim-react/-/guard-shim-react-4.5.24.tgz",
      "integrity": "sha512-VHtWrph7pGj6dZ1PUg9pSKixrkDsrDQ1/4EnCGnat8uC7ULjhK3+mLpyKg6NK/JVBi+yWxl5xLn+wV7//YkIXg=="
    },
    "@types/prop-types": {
      "version": "15.7.5",
      "resolved": "https://registry.npmjs.org/@types/prop-types/-/prop-types-15.7.5.tgz",
      "integrity": "sha512-JCB8C6SnDoQf0cNycqd/35A7MjcnK+ZTqE7judS6o7utxUCg6imJg3QK2qzHKszlTjcj2cn+NwMB2i96ubpj7w==",
      "dev": true
    },
    "@types/react": {
      "version": "16.9.0",
      "resolved": "https://registry.npmjs.org/@types/react/-/react-16.9.0.tgz",
      "integrity": "sha512-eOct1hyZI9YZf/eqNlYu7jxA9qyTw1EGXruAJhHhBDBpc00W0C1vwlnh+hkOf7UFZkNK+UxnFBpwAZe3d7XJhQ==",
      "dev": true,
      "requires": {
        "@types/prop-types": "*",
        "csstype": "^2.2.0"
      }
    },
    "csstype": {
      "version": "2.6.21",
      "resolved": "https://registry.npmjs.org/csstype/-/csstype-2.6.21.tgz",
      "integrity": "sha512-Z1PhmomIfypOpoMjRQB70jfvy/wxT50qW08YXO5lMIJkrdq4yOTR+AW7FqutScmB9NkLwxo+jU+kZLbofZZq/w==",
      "dev": true
    }
  }
}
