{
  "name": "@authing/react-ui-components",
  "version": "4.5.51-eak.19",
  "lockfileVersion": 2,
  "requires": true,
  "packages": {
    "": {
      "name": "@authing/react-ui-components",
      "version": "4.5.49",
      "license": "MIT",
      "dependencies": {
        "@authing/guard-shim-react": "4.5.49",
        "react": "^16.13.1",
        "react-dom": "^16.13.1"
      },
      "devDependencies": {
        "@types/react": "^16.9.0",
        "react": "16.14.0",
        "react-dom": "16.14.0"
      }
    },
    "node_modules/@authing/guard-shim-react": {
      "version": "4.5.49",
      "resolved": "https://registry.npmjs.org/@authing/guard-shim-react/-/guard-shim-react-4.5.49.tgz",
      "integrity": "sha512-htVLH9fpARCCGXU+ieJdB9LMfCZV2/j2PG5lS2gwdDt+GX5S2d0DGm6oDOe3zOKGBdQqVHvfpRvkRjRGyb5D1Q==",
      "peerDependencies": {
        "authing-js-sdk": "4.23.50"
      }
    },
    "node_modules/@fingerprintjs/fingerprintjs": {
      "version": "3.4.2",
      "resolved": "https://registry.npmjs.org/@fingerprintjs/fingerprintjs/-/fingerprintjs-3.4.2.tgz",
      "integrity": "sha512-3Ncze6JsJpB7BpYhqIgvBpfvEX1jsEKrad5hQBpyRQxtoAp6hx3+R46zqfsuQG4D9egQZ+xftQ0u4LPFMB7Wmg==",
      "peer": true,
      "dependencies": {
        "tslib": "^2.4.1"
      }
    },
    "node_modules/@types/prop-types": {
      "version": "15.7.5",
      "resolved": "https://registry.npmjs.org/@types/prop-types/-/prop-types-15.7.5.tgz",
      "integrity": "sha512-JCB8C6SnDoQf0cNycqd/35A7MjcnK+ZTqE7judS6o7utxUCg6imJg3QK2qzHKszlTjcj2cn+NwMB2i96ubpj7w==",
      "dev": true
    },
    "node_modules/@types/react": {
      "version": "16.9.0",
      "resolved": "https://registry.npmjs.org/@types/react/-/react-16.9.0.tgz",
      "integrity": "sha512-eOct1hyZI9YZf/eqNlYu7jxA9qyTw1EGXruAJhHhBDBpc00W0C1vwlnh+hkOf7UFZkNK+UxnFBpwAZe3d7XJhQ==",
      "dev": true,
      "dependencies": {
        "@types/prop-types": "*",
        "csstype": "^2.2.0"
      }
    },
    "node_modules/authing-js-sdk": {
      "version": "4.23.50",
      "resolved": "https://registry.npmjs.org/authing-js-sdk/-/authing-js-sdk-4.23.50.tgz",
      "integrity": "sha512-3a9ZWjXM/7dK3OKiRGovi47ZEHvQZf/L02HaJTZlD+MAH3gjVt7+UycZGI0rP3BP7R4J1NhuFjqui1Jv8+MdKQ==",
      "peer": true,
      "dependencies": {
        "@fingerprintjs/fingerprintjs": "^3.4.2",
        "axios": "0.26.1",
        "crypto-js": "^4.0.0",
        "jsencrypt": "^3.1.0",
        "jwt-decode": "^2.2.0",
        "sm-crypto": "^0.3.7"
      },
      "engines": {
        "node": ">=8.9"
      }
    },
    "node_modules/axios": {
      "version": "0.26.1",
      "resolved": "https://registry.npmjs.org/axios/-/axios-0.26.1.tgz",
      "integrity": "sha512-fPwcX4EvnSHuInCMItEhAGnaSEXRBjtzh9fOtsE6E1G6p7vl7edEeZe11QHf18+6+9gR5PbKV/sGKNaD8YaMeA==",
      "peer": true,
      "dependencies": {
        "follow-redirects": "^1.14.8"
      }
    },
    "node_modules/crypto-js": {
      "version": "4.2.0",
      "resolved": "https://registry.npmjs.org/crypto-js/-/crypto-js-4.2.0.tgz",
      "integrity": "sha512-KALDyEYgpY+Rlob/iriUtjV6d5Eq+Y191A5g4UqLAi8CyGP9N1+FdVbkc1SxKc2r4YAYqG8JzO2KGL+AizD70Q==",
      "peer": true
    },
    "node_modules/csstype": {
      "version": "2.6.21",
      "resolved": "https://registry.npmjs.org/csstype/-/csstype-2.6.21.tgz",
      "integrity": "sha512-Z1PhmomIfypOpoMjRQB70jfvy/wxT50qW08YXO5lMIJkrdq4yOTR+AW7FqutScmB9NkLwxo+jU+kZLbofZZq/w==",
      "dev": true
    },
    "node_modules/follow-redirects": {
      "version": "1.15.11",
      "resolved": "https://registry.npmjs.org/follow-redirects/-/follow-redirects-1.15.11.tgz",
      "integrity": "sha512-deG2P0JfjrTxl50XGCDyfI97ZGVCxIpfKYmfyrQ54n5FO/0gfIES8C/Psl6kWVDolizcaaxZJnTS0QSMxvnsBQ==",
      "funding": [
        {
          "type": "individual",
          "url": "https://github.com/sponsors/RubenVerborgh"
        }
      ],
      "peer": true,
      "engines": {
        "node": ">=4.0"
      },
      "peerDependenciesMeta": {
        "debug": {
          "optional": true
        }
      }
    },
    "node_modules/js-tokens": {
      "version": "4.0.0",
      "resolved": "https://registry.npmjs.org/js-tokens/-/js-tokens-4.0.0.tgz",
      "integrity": "sha512-RdJUflcE3cUzKiMqQgsCu06FPu9UdIJO0beYbPhHN4k6apgJtifcoCtT9bcxOpYBtpD2kCM6Sbzg4CausW/PKQ==",
      "dev": true
    },
    "node_modules/jsbn": {
      "version": "1.1.0",
      "resolved": "https://registry.npmjs.org/jsbn/-/jsbn-1.1.0.tgz",
      "integrity": "sha512-4bYVV3aAMtDTTu4+xsDYa6sy9GyJ69/amsu9sYF2zqjiEoZA5xJi3BrfX3uY+/IekIu7MwdObdbDWpoZdBv3/A==",
      "peer": true
    },
    "node_modules/jsencrypt": {
      "version": "3.5.4",
      "resolved": "https://registry.npmjs.org/jsencrypt/-/jsencrypt-3.5.4.tgz",
      "integrity": "sha512-kNjfYEMNASxrDGsmcSQh/rUTmcoRfSUkxnAz+MMywM8jtGu+fFEZ3nJjHM58zscVnwR0fYmG9sGkTDjqUdpiwA==",
      "peer": true
    },
    "node_modules/jwt-decode": {
      "version": "2.2.0",
      "resolved": "https://registry.npmjs.org/jwt-decode/-/jwt-decode-2.2.0.tgz",
      "integrity": "sha512-86GgN2vzfUu7m9Wcj63iUkuDzFNYFVmjeDm2GzWpUk+opB0pEpMsw6ePCMrhYkumz2C1ihqtZzOMAg7FiXcNoQ==",
      "peer": true
    },
    "node_modules/loose-envify": {
      "version": "1.4.0",
      "resolved": "https://registry.npmjs.org/loose-envify/-/loose-envify-1.4.0.tgz",
      "integrity": "sha512-lyuxPGr/Wfhrlem2CL/UcnUc1zcqKAImBDzukY7Y5F/yQiNdko6+fRLevlw1HgMySw7f611UIY408EtxRSoK3Q==",
      "dev": true,
      "dependencies": {
        "js-tokens": "^3.0.0 || ^4.0.0"
      },
      "bin": {
        "loose-envify": "cli.js"
      }
    },
    "node_modules/object-assign": {
      "version": "4.1.1",
      "resolved": "https://registry.npmjs.org/object-assign/-/object-assign-4.1.1.tgz",
      "integrity": "sha512-rJgTQnkUnH1sFw8yT6VSU3zD3sWmu6sZhIseY8VX+GRu3P6F7Fu+JNDoXfklElbLJSnc3FUQHVe4cU5hj+BcUg==",
      "dev": true,
      "engines": {
        "node": ">=0.10.0"
      }
    },
    "node_modules/prop-types": {
      "version": "15.8.1",
      "resolved": "https://registry.npmjs.org/prop-types/-/prop-types-15.8.1.tgz",
      "integrity": "sha512-oj87CgZICdulUohogVAR7AjlC0327U4el4L6eAvOqCeudMDVU0NThNaV+b9Df4dXgSP1gXMTnPdhfe/2qDH5cg==",
      "dev": true,
      "dependencies": {
        "loose-envify": "^1.4.0",
        "object-assign": "^4.1.1",
        "react-is": "^16.13.1"
      }
    },
    "node_modules/react": {
      "version": "16.14.0",
      "resolved": "https://registry.npmjs.org/react/-/react-16.14.0.tgz",
      "integrity": "sha512-0X2CImDkJGApiAlcf0ODKIneSwBPhqJawOa5wCtKbu7ZECrmS26NvtSILynQ66cgkT/RJ4LidJOc3bUESwmU8g==",
      "dev": true,
      "dependencies": {
        "loose-envify": "^1.1.0",
        "object-assign": "^4.1.1",
        "prop-types": "^15.6.2"
      },
      "engines": {
        "node": ">=0.10.0"
      }
    },
    "node_modules/react-dom": {
      "version": "16.14.0",
      "resolved": "https://registry.npmjs.org/react-dom/-/react-dom-16.14.0.tgz",
      "integrity": "sha512-1gCeQXDLoIqMgqD3IO2Ah9bnf0w9kzhwN5q4FGnHZ67hBm9yePzB5JJAIQCc8x3pFnNlwFq4RidZggNAAkzWWw==",
      "dev": true,
      "dependencies": {
        "loose-envify": "^1.1.0",
        "object-assign": "^4.1.1",
        "prop-types": "^15.6.2",
        "scheduler": "^0.19.1"
      },
      "peerDependencies": {
        "react": "^16.14.0"
      }
    },
    "node_modules/react-is": {
      "version": "16.13.1",
      "resolved": "https://registry.npmjs.org/react-is/-/react-is-16.13.1.tgz",
      "integrity": "sha512-24e6ynE2H+OKt4kqsOvNd8kBpV65zoxbA4BVsEOB3ARVWQki/DHzaUoC5KuON/BiccDaCCTZBuOcfZs70kR8bQ==",
      "dev": true
    },
    "node_modules/scheduler": {
      "version": "0.19.1",
      "resolved": "https://registry.npmjs.org/scheduler/-/scheduler-0.19.1.tgz",
      "integrity": "sha512-n/zwRWRYSUj0/3g/otKDRPMh6qv2SYMWNq85IEa8iZyAv8od9zDYpGSnpBEjNgcMNq6Scbu5KfIPxNF72R/2EA==",
      "dev": true,
      "dependencies": {
        "loose-envify": "^1.1.0",
        "object-assign": "^4.1.1"
      }
    },
    "node_modules/sm-crypto": {
      "version": "0.3.13",
      "resolved": "https://registry.npmjs.org/sm-crypto/-/sm-crypto-0.3.13.tgz",
      "integrity": "sha512-ztNF+pZq6viCPMA1A6KKu3bgpkmYti5avykRHbcFIdSipFdkVmfUw2CnpM2kBJyppIalqvczLNM3wR8OQ0pT5w==",
      "peer": true,
      "dependencies": {
        "jsbn": "^1.1.0"
      }
    },
    "node_modules/tslib": {
      "version": "2.8.1",
      "resolved": "https://registry.npmjs.org/tslib/-/tslib-2.8.1.tgz",
      "integrity": "sha512-oJFu94HQb+KVduSUQL7wnpmqnfmLsOA/nAh6b6EH0wCEoK0/mPeXU6c3wKDV83MkOuHPRHtSXKKU99IBazS/2w==",
      "peer": true
    }
  },
  "dependencies": {
    "@authing/guard-shim-react": {
      "version": "4.5.49",
      "resolved": "https://registry.npmjs.org/@authing/guard-shim-react/-/guard-shim-react-4.5.49.tgz",
      "integrity": "sha512-htVLH9fpARCCGXU+ieJdB9LMfCZV2/j2PG5lS2gwdDt+GX5S2d0DGm6oDOe3zOKGBdQqVHvfpRvkRjRGyb5D1Q==",
      "requires": {}
    },
    "@fingerprintjs/fingerprintjs": {
      "version": "3.4.2",
      "resolved": "https://registry.npmjs.org/@fingerprintjs/fingerprintjs/-/fingerprintjs-3.4.2.tgz",
      "integrity": "sha512-3Ncze6JsJpB7BpYhqIgvBpfvEX1jsEKrad5hQBpyRQxtoAp6hx3+R46zqfsuQG4D9egQZ+xftQ0u4LPFMB7Wmg==",
      "peer": true,
      "requires": {
        "tslib": "^2.4.1"
      }
    },
    "@types/prop-types": {
      "version": "15.7.5",
      "resolved": "https://registry.npmjs.org/@types/prop-types/-/prop-types-15.7.5.tgz",
      "integrity": "sha512-JCB8C6SnDoQf0cNycqd/35A7MjcnK+ZTqE7judS6o7utxUCg6imJg3QK2qzHKszlTjcj2cn+NwMB2i96ubpj7w==",
      "dev": true
    },
    "@types/react": {
      "version": "16.9.0",
      "resolved": "https://registry.npmjs.org/@types/react/-/react-16.9.0.tgz",
      "integrity": "sha512-eOct1hyZI9YZf/eqNlYu7jxA9qyTw1EGXruAJhHhBDBpc00W0C1vwlnh+hkOf7UFZkNK+UxnFBpwAZe3d7XJhQ==",
      "dev": true,
      "requires": {
        "@types/prop-types": "*",
        "csstype": "^2.2.0"
      }
    },
    "authing-js-sdk": {
      "version": "4.23.50",
      "resolved": "https://registry.npmjs.org/authing-js-sdk/-/authing-js-sdk-4.23.50.tgz",
      "integrity": "sha512-3a9ZWjXM/7dK3OKiRGovi47ZEHvQZf/L02HaJTZlD+MAH3gjVt7+UycZGI0rP3BP7R4J1NhuFjqui1Jv8+MdKQ==",
      "peer": true,
      "requires": {
        "@fingerprintjs/fingerprintjs": "^3.4.2",
        "axios": "0.26.1",
        "crypto-js": "^4.0.0",
        "jsencrypt": "^3.1.0",
        "jwt-decode": "^2.2.0",
        "sm-crypto": "^0.3.7"
      }
    },
    "axios": {
      "version": "0.26.1",
      "resolved": "https://registry.npmjs.org/axios/-/axios-0.26.1.tgz",
      "integrity": "sha512-fPwcX4EvnSHuInCMItEhAGnaSEXRBjtzh9fOtsE6E1G6p7vl7edEeZe11QHf18+6+9gR5PbKV/sGKNaD8YaMeA==",
      "peer": true,
      "requires": {
        "follow-redirects": "^1.14.8"
      }
    },
    "crypto-js": {
      "version": "4.2.0",
      "resolved": "https://registry.npmjs.org/crypto-js/-/crypto-js-4.2.0.tgz",
      "integrity": "sha512-KALDyEYgpY+Rlob/iriUtjV6d5Eq+Y191A5g4UqLAi8CyGP9N1+FdVbkc1SxKc2r4YAYqG8JzO2KGL+AizD70Q==",
      "peer": true
    },
    "csstype": {
      "version": "2.6.21",
      "resolved": "https://registry.npmjs.org/csstype/-/csstype-2.6.21.tgz",
      "integrity": "sha512-Z1PhmomIfypOpoMjRQB70jfvy/wxT50qW08YXO5lMIJkrdq4yOTR+AW7FqutScmB9NkLwxo+jU+kZLbofZZq/w==",
      "dev": true
    },
    "follow-redirects": {
      "version": "1.15.11",
      "resolved": "https://registry.npmjs.org/follow-redirects/-/follow-redirects-1.15.11.tgz",
      "integrity": "sha512-deG2P0JfjrTxl50XGCDyfI97ZGVCxIpfKYmfyrQ54n5FO/0gfIES8C/Psl6kWVDolizcaaxZJnTS0QSMxvnsBQ==",
      "peer": true
    },
    "js-tokens": {
      "version": "4.0.0",
      "resolved": "https://registry.npmjs.org/js-tokens/-/js-tokens-4.0.0.tgz",
      "integrity": "sha512-RdJUflcE3cUzKiMqQgsCu06FPu9UdIJO0beYbPhHN4k6apgJtifcoCtT9bcxOpYBtpD2kCM6Sbzg4CausW/PKQ==",
      "dev": true
    },
    "jsbn": {
      "version": "1.1.0",
      "resolved": "https://registry.npmjs.org/jsbn/-/jsbn-1.1.0.tgz",
      "integrity": "sha512-4bYVV3aAMtDTTu4+xsDYa6sy9GyJ69/amsu9sYF2zqjiEoZA5xJi3BrfX3uY+/IekIu7MwdObdbDWpoZdBv3/A==",
      "peer": true
    },
    "jsencrypt": {
      "version": "3.5.4",
      "resolved": "https://registry.npmjs.org/jsencrypt/-/jsencrypt-3.5.4.tgz",
      "integrity": "sha512-kNjfYEMNASxrDGsmcSQh/rUTmcoRfSUkxnAz+MMywM8jtGu+fFEZ3nJjHM58zscVnwR0fYmG9sGkTDjqUdpiwA==",
      "peer": true
    },
    "jwt-decode": {
      "version": "2.2.0",
      "resolved": "https://registry.npmjs.org/jwt-decode/-/jwt-decode-2.2.0.tgz",
      "integrity": "sha512-86GgN2vzfUu7m9Wcj63iUkuDzFNYFVmjeDm2GzWpUk+opB0pEpMsw6ePCMrhYkumz2C1ihqtZzOMAg7FiXcNoQ==",
      "peer": true
    },
    "loose-envify": {
      "version": "1.4.0",
      "resolved": "https://registry.npmjs.org/loose-envify/-/loose-envify-1.4.0.tgz",
      "integrity": "sha512-lyuxPGr/Wfhrlem2CL/UcnUc1zcqKAImBDzukY7Y5F/yQiNdko6+fRLevlw1HgMySw7f611UIY408EtxRSoK3Q==",
      "dev": true,
      "requires": {
        "js-tokens": "^3.0.0 || ^4.0.0"
      }
    },
    "object-assign": {
      "version": "4.1.1",
      "resolved": "https://registry.npmjs.org/object-assign/-/object-assign-4.1.1.tgz",
      "integrity": "sha512-rJgTQnkUnH1sFw8yT6VSU3zD3sWmu6sZhIseY8VX+GRu3P6F7Fu+JNDoXfklElbLJSnc3FUQHVe4cU5hj+BcUg==",
      "dev": true
    },
    "prop-types": {
      "version": "15.8.1",
      "resolved": "https://registry.npmjs.org/prop-types/-/prop-types-15.8.1.tgz",
      "integrity": "sha512-oj87CgZICdulUohogVAR7AjlC0327U4el4L6eAvOqCeudMDVU0NThNaV+b9Df4dXgSP1gXMTnPdhfe/2qDH5cg==",
      "dev": true,
      "requires": {
        "loose-envify": "^1.4.0",
        "object-assign": "^4.1.1",
        "react-is": "^16.13.1"
      }
    },
    "react": {
      "version": "16.14.0",
      "resolved": "https://registry.npmjs.org/react/-/react-16.14.0.tgz",
      "integrity": "sha512-0X2CImDkJGApiAlcf0ODKIneSwBPhqJawOa5wCtKbu7ZECrmS26NvtSILynQ66cgkT/RJ4LidJOc3bUESwmU8g==",
      "dev": true,
      "requires": {
        "loose-envify": "^1.1.0",
        "object-assign": "^4.1.1",
        "prop-types": "^15.6.2"
      }
    },
    "react-dom": {
      "version": "16.14.0",
      "resolved": "https://registry.npmjs.org/react-dom/-/react-dom-16.14.0.tgz",
      "integrity": "sha512-1gCeQXDLoIqMgqD3IO2Ah9bnf0w9kzhwN5q4FGnHZ67hBm9yePzB5JJAIQCc8x3pFnNlwFq4RidZggNAAkzWWw==",
      "dev": true,
      "requires": {
        "loose-envify": "^1.1.0",
        "object-assign": "^4.1.1",
        "prop-types": "^15.6.2",
        "scheduler": "^0.19.1"
      }
    },
    "react-is": {
      "version": "16.13.1",
      "resolved": "https://registry.npmjs.org/react-is/-/react-is-16.13.1.tgz",
      "integrity": "sha512-24e6ynE2H+OKt4kqsOvNd8kBpV65zoxbA4BVsEOB3ARVWQki/DHzaUoC5KuON/BiccDaCCTZBuOcfZs70kR8bQ==",
      "dev": true
    },
    "scheduler": {
      "version": "0.19.1",
      "resolved": "https://registry.npmjs.org/scheduler/-/scheduler-0.19.1.tgz",
      "integrity": "sha512-n/zwRWRYSUj0/3g/otKDRPMh6qv2SYMWNq85IEa8iZyAv8od9zDYpGSnpBEjNgcMNq6Scbu5KfIPxNF72R/2EA==",
      "dev": true,
      "requires": {
        "loose-envify": "^1.1.0",
        "object-assign": "^4.1.1"
      }
    },
    "sm-crypto": {
      "version": "0.3.13",
      "resolved": "https://registry.npmjs.org/sm-crypto/-/sm-crypto-0.3.13.tgz",
      "integrity": "sha512-ztNF+pZq6viCPMA1A6KKu3bgpkmYti5avykRHbcFIdSipFdkVmfUw2CnpM2kBJyppIalqvczLNM3wR8OQ0pT5w==",
      "peer": true,
      "requires": {
        "jsbn": "^1.1.0"
      }
    },
    "tslib": {
      "version": "2.8.1",
      "resolved": "https://registry.npmjs.org/tslib/-/tslib-2.8.1.tgz",
      "integrity": "sha512-oJFu94HQb+KVduSUQL7wnpmqnfmLsOA/nAh6b6EH0wCEoK0/mPeXU6c3wKDV83MkOuHPRHtSXKKU99IBazS/2w==",
      "peer": true
    }
  }
}
